
Microsoft Visual Studio Solution File, Format Version 12.00
# Visual Studio 15
VisualStudioVersion = 15.0.26730.16
MinimumVisualStudioVersion = 10.0.40219.1
Project("{FAE04EC0-301F-11D3-BF4B-00C04F79EFBC}") = "WebNotes", "WebNotes\WebNotes.csproj", "{8CAE154D-713B-400E-A2AF-987BC6AB2E45}"
EndProject
Project("{FAE04EC0-301F-11D3-BF4B-00C04F79EFBC}") = "WebNotesDataBase", "WebNotesDataBase\WebNotesDataBase.csproj", "{C41C2571-8A64-479E-98E7-BCD798A28E43}"
EndProject
Project("{FAE04EC0-301F-11D3-BF4B-00C04F79EFBC}") = "WebNotesTests", "WebNotesTests\WebNotesTests.csproj", "{6F2C14C4-4791-484F-B104-950EDD9E4B40}"
EndProject
Global
	GlobalSection(SolutionConfigurationPlatforms) = preSolution
		Debug|Any CPU = Debug|Any CPU
		Release|Any CPU = Release|Any CPU
	EndGlobalSection
	GlobalSection(ProjectConfigurationPlatforms) = postSolution
		{8CAE154D-713B-400E-A2AF-987BC6AB2E45}.Debug|Any CPU.ActiveCfg = Debug|Any CPU
		{8CAE154D-713B-400E-A2AF-987BC6AB2E45}.Debug|Any CPU.Build.0 = Debug|Any CPU
		{8CAE154D-713B-400E-A2AF-987BC6AB2E45}.Release|Any CPU.ActiveCfg = Release|Any CPU
		{8CAE154D-713B-400E-A2AF-987BC6AB2E45}.Release|Any CPU.Build.0 = Release|Any CPU
		{C41C2571-8A64-479E-98E7-BCD798A28E43}.Debug|Any CPU.ActiveCfg = Debug|Any CPU
		{C41C2571-8A64-479E-98E7-BCD798A28E43}.Debug|Any CPU.Build.0 = Debug|Any CPU
		{C41C2571-8A64-479E-98E7-BCD798A28E43}.Release|Any CPU.ActiveCfg = Release|Any CPU
		{C41C2571-8A64-479E-98E7-BCD798A28E43}.Release|Any CPU.Build.0 = Release|Any CPU
		{6F2C14C4-4791-484F-B104-950EDD9E4B40}.Debug|Any CPU.ActiveCfg = Debug|Any CPU
		{6F2C14C4-4791-484F-B104-950EDD9E4B40}.Debug|Any CPU.Build.0 = Debug|Any CPU
		{6F2C14C4-4791-484F-B104-950EDD9E4B40}.Release|Any CPU.ActiveCfg = Release|Any CPU
		{6F2C14C4-4791-484F-B104-950EDD9E4B40}.Release|Any CPU.Build.0 = Release|Any CPU
	EndGlobalSection
	GlobalSection(SolutionProperties) = preSolution
		HideSolutionNode = FALSE
	EndGlobalSection
	GlobalSection(ExtensibilityGlobals) = postSolution
		SolutionGuid = {C03502D9-8201-4794-AE2A-D31128490B3E}
	EndGlobalSection
EndGlobal
